
Microsoft Visual Studio Solution File, Format Version 12.00
# Visual Studio Version 16
VisualStudioVersion = 25.0.1706.4
MinimumVisualStudioVersion = 10.0.40219.1
Project("{FAE04EC0-301F-11D3-BF4B-00C04F79EFBC}") = "BarkoderSample", "BarkoderSample.csproj", "{2F7C99BE-E24F-4040-B376-5C21F48E5CDE}"
EndProject
Global
	GlobalSection(SolutionConfigurationPlatforms) = preSolution
		Debug|Any CPU = Debug|Any CPU
		Release|Any CPU = Release|Any CPU
	EndGlobalSection
	GlobalSection(ProjectConfigurationPlatforms) = postSolution
		{2F7C99BE-E24F-4040-B376-5C21F48E5CDE}.Debug|Any CPU.ActiveCfg = Debug|Any CPU
		{2F7C99BE-E24F-4040-B376-5C21F48E5CDE}.Debug|Any CPU.Build.0 = Debug|Any CPU
		{2F7C99BE-E24F-4040-B376-5C21F48E5CDE}.Release|Any CPU.ActiveCfg = Release|Any CPU
		{2F7C99BE-E24F-4040-B376-5C21F48E5CDE}.Release|Any CPU.Build.0 = Release|Any CPU
	EndGlobalSection
	GlobalSection(SolutionProperties) = preSolution
		HideSolutionNode = FALSE
	EndGlobalSection
	GlobalSection(ExtensibilityGlobals) = postSolution
		SolutionGuid = {95F52F29-89F0-4A6A-8E2F-F7EA9280F76A}
	EndGlobalSection
EndGlobal
